
Microsoft Visual Studio Solution File, Format Version 12.00
# Visual Studio 15
VisualStudioVersion = 15.0.27428.2002
MinimumVisualStudioVersion = 10.0.40219.1
Project("{FAE04EC0-301F-11D3-BF4B-00C04F79EFBC}") = "LogglySolutions.Api", "LogglySolutions.Api\LogglySolutions.Api.csproj", "{6FD00C83-D934-4B9B-93B4-E7D94D15E929}"
EndProject
Global
	GlobalSection(SolutionConfigurationPlatforms) = preSolution
		Debug|Any CPU = Debug|Any CPU
		Release|Any CPU = Release|Any CPU
	EndGlobalSection
	GlobalSection(ProjectConfigurationPlatforms) = postSolution
		{6FD00C83-D934-4B9B-93B4-E7D94D15E929}.Debug|Any CPU.ActiveCfg = Debug|Any CPU
		{6FD00C83-D934-4B9B-93B4-E7D94D15E929}.Debug|Any CPU.Build.0 = Debug|Any CPU
		{6FD00C83-D934-4B9B-93B4-E7D94D15E929}.Release|Any CPU.ActiveCfg = Release|Any CPU
		{6FD00C83-D934-4B9B-93B4-E7D94D15E929}.Release|Any CPU.Build.0 = Release|Any CPU
	EndGlobalSection
	GlobalSection(SolutionProperties) = preSolution
		HideSolutionNode = FALSE
	EndGlobalSection
	GlobalSection(ExtensibilityGlobals) = postSolution
		SolutionGuid = {6F5A54CD-0E38-4D2C-9D16-278EB05D9F12}
	EndGlobalSection
EndGlobal
